
Microsoft Visual Studio Solution File, Format Version 12.00
# Visual Studio Version 17
VisualStudioVersion = 17.3.32825.248
MinimumVisualStudioVersion = 10.0.40219.1
Project("{FAE04EC0-301F-11D3-BF4B-00C04F79EFBC}") = "TestProduktAutomat", "TestProduktAutomat\TestProduktAutomat.csproj", "{990FC8D6-D138-4978-8674-1269E251DAC4}"
EndProject
Global
	GlobalSection(SolutionConfigurationPlatforms) = preSolution
		Debug|Any CPU = Debug|Any CPU
		Release|Any CPU = Release|Any CPU
	EndGlobalSection
	GlobalSection(ProjectConfigurationPlatforms) = postSolution
		{990FC8D6-D138-4978-8674-1269E251DAC4}.Debug|Any CPU.ActiveCfg = Debug|Any CPU
		{990FC8D6-D138-4978-8674-1269E251DAC4}.Debug|Any CPU.Build.0 = Debug|Any CPU
		{990FC8D6-D138-4978-8674-1269E251DAC4}.Release|Any CPU.ActiveCfg = Release|Any CPU
		{990FC8D6-D138-4978-8674-1269E251DAC4}.Release|Any CPU.Build.0 = Release|Any CPU
	EndGlobalSection
	GlobalSection(SolutionProperties) = preSolution
		HideSolutionNode = FALSE
	EndGlobalSection
	GlobalSection(ExtensibilityGlobals) = postSolution
		SolutionGuid = {DF7AED85-078F-4368-A986-3D51DDF91FC1}
	EndGlobalSection
EndGlobal
